
Microsoft Visual Studio Solution File, Format Version 11.00
# Visual C# Express 2010
Project("{FAE04EC0-301F-11D3-BF4B-00C04F79EFBC}") = "WindowsShutdown", "WindowsShutdown\WindowsShutdown.csproj", "{9E987E23-3B46-4C63-855E-12EDDE55A33D}"
EndProject
Global
	GlobalSection(SolutionConfigurationPlatforms) = preSolution
		Debug|x86 = Debug|x86
		Release|x86 = Release|x86
	EndGlobalSection
	GlobalSection(ProjectConfigurationPlatforms) = postSolution
		{9E987E23-3B46-4C63-855E-12EDDE55A33D}.Debug|x86.ActiveCfg = Debug|x86
		{9E987E23-3B46-4C63-855E-12EDDE55A33D}.Debug|x86.Build.0 = Debug|x86
		{9E987E23-3B46-4C63-855E-12EDDE55A33D}.Release|x86.ActiveCfg = Release|x86
		{9E987E23-3B46-4C63-855E-12EDDE55A33D}.Release|x86.Build.0 = Release|x86
	EndGlobalSection
	GlobalSection(SolutionProperties) = preSolution
		HideSolutionNode = FALSE
	EndGlobalSection
EndGlobal
